
Microsoft Visual Studio Solution File, Format Version 12.00
# Visual Studio Version 17
VisualStudioVersion = 17.13.35806.99 d17.13
MinimumVisualStudioVersion = 10.0.40219.1
Project("{8BC9CEB8-8B4A-11D0-8D11-00A0C91BC942}") = "cw-triggerbot", "cw-triggerbot\cw-triggerbot.vcxproj", "{622AD1A1-2ED0-44A1-B90E-EBD56545ADD5}"
EndProject
Global
	GlobalSection(SolutionConfigurationPlatforms) = preSolution
		Debug|x64 = Debug|x64
		Debug|x86 = Debug|x86
		Release|x64 = Release|x64
		Release|x86 = Release|x86
	EndGlobalSection
	GlobalSection(ProjectConfigurationPlatforms) = postSolution
		{622AD1A1-2ED0-44A1-B90E-EBD56545ADD5}.Debug|x64.ActiveCfg = Debug|x64
		{622AD1A1-2ED0-44A1-B90E-EBD56545ADD5}.Debug|x64.Build.0 = Debug|x64
		{622AD1A1-2ED0-44A1-B90E-EBD56545ADD5}.Debug|x86.ActiveCfg = Debug|Win32
		{622AD1A1-2ED0-44A1-B90E-EBD56545ADD5}.Debug|x86.Build.0 = Debug|Win32
		{622AD1A1-2ED0-44A1-B90E-EBD56545ADD5}.Release|x64.ActiveCfg = Release|x64
		{622AD1A1-2ED0-44A1-B90E-EBD56545ADD5}.Release|x64.Build.0 = Release|x64
		{622AD1A1-2ED0-44A1-B90E-EBD56545ADD5}.Release|x86.ActiveCfg = Release|Win32
		{622AD1A1-2ED0-44A1-B90E-EBD56545ADD5}.Release|x86.Build.0 = Release|Win32
	EndGlobalSection
	GlobalSection(SolutionProperties) = preSolution
		HideSolutionNode = FALSE
	EndGlobalSection
	GlobalSection(ExtensibilityGlobals) = postSolution
		SolutionGuid = {867311B3-B4A6-40F6-8FF7-6C6D6A8C2029}
	EndGlobalSection
EndGlobal
